
Microsoft Visual Studio Solution File, Format Version 12.00
# Visual Studio Version 17
VisualStudioVersion = 17.7.34031.279
MinimumVisualStudioVersion = 10.0.40219.1
Project("{FAE04EC0-301F-11D3-BF4B-00C04F79EFBC}") = "VeterinaryClinic", "VeterinaryClinic\VeterinaryClinic.csproj", "{1F761168-77E6-45A7-A964-7DC2273A51D3}"
EndProject
Global
	GlobalSection(SolutionConfigurationPlatforms) = preSolution
		Debug|Any CPU = Debug|Any CPU
		Release|Any CPU = Release|Any CPU
	EndGlobalSection
	GlobalSection(ProjectConfigurationPlatforms) = postSolution
		{1F761168-77E6-45A7-A964-7DC2273A51D3}.Debug|Any CPU.ActiveCfg = Debug|Any CPU
		{1F761168-77E6-45A7-A964-7DC2273A51D3}.Debug|Any CPU.Build.0 = Debug|Any CPU
		{1F761168-77E6-45A7-A964-7DC2273A51D3}.Release|Any CPU.ActiveCfg = Release|Any CPU
		{1F761168-77E6-45A7-A964-7DC2273A51D3}.Release|Any CPU.Build.0 = Release|Any CPU
	EndGlobalSection
	GlobalSection(SolutionProperties) = preSolution
		HideSolutionNode = FALSE
	EndGlobalSection
	GlobalSection(ExtensibilityGlobals) = postSolution
		SolutionGuid = {2CE58B50-24CF-4B98-AC9B-AD8CA4178D5A}
	EndGlobalSection
EndGlobal
